
Microsoft Visual Studio Solution File, Format Version 12.00
Project("{FAE04EC0-301F-11D3-BF4B-00C04F79EFBC}") = "Jakamo.Connector", "src\Jakamo.Connector\Jakamo.Connector.csproj", "{6E0AF2C7-4142-4C9C-954B-FB717FE5E35F}"
EndProject
Project("{FAE04EC0-301F-11D3-BF4B-00C04F79EFBC}") = "Jakamo.Connector.Tests", "tests\Jakamo.Connector.Tests\Jakamo.Connector.Tests.csproj", "{B3C4D5E6-F7A8-9012-BCDE-F01234567890}"
EndProject
Global
	GlobalSection(SolutionConfigurationPlatforms) = preSolution
		Debug|Any CPU = Debug|Any CPU
		Release|Any CPU = Release|Any CPU
	EndGlobalSection
	GlobalSection(ProjectConfigurationPlatforms) = postSolution
		{6E0AF2C7-4142-4C9C-954B-FB717FE5E35F}.Debug|Any CPU.ActiveCfg = Debug|Any CPU
		{6E0AF2C7-4142-4C9C-954B-FB717FE5E35F}.Debug|Any CPU.Build.0 = Debug|Any CPU
		{6E0AF2C7-4142-4C9C-954B-FB717FE5E35F}.Release|Any CPU.ActiveCfg = Release|Any CPU
		{6E0AF2C7-4142-4C9C-954B-FB717FE5E35F}.Release|Any CPU.Build.0 = Release|Any CPU
		{B3C4D5E6-F7A8-9012-BCDE-F01234567890}.Debug|Any CPU.ActiveCfg = Debug|Any CPU
		{B3C4D5E6-F7A8-9012-BCDE-F01234567890}.Debug|Any CPU.Build.0 = Debug|Any CPU
		{B3C4D5E6-F7A8-9012-BCDE-F01234567890}.Release|Any CPU.ActiveCfg = Release|Any CPU
		{B3C4D5E6-F7A8-9012-BCDE-F01234567890}.Release|Any CPU.Build.0 = Release|Any CPU
	EndGlobalSection
EndGlobal
